
Microsoft Visual Studio Solution File, Format Version 12.00
# Visual Studio Version 17
VisualStudioVersion = 17.9.34714.143
MinimumVisualStudioVersion = 10.0.40219.1
Project("{FAE04EC0-301F-11D3-BF4B-00C04F79EFBC}") = "E_Commerce_C-_ASP.NET", "E_Commerce_C-_ASP.NET.csproj", "{460F1CA6-5D6E-4E09-BB73-648D9C951AE7}"
EndProject
Global
	GlobalSection(SolutionConfigurationPlatforms) = preSolution
		Debug|Any CPU = Debug|Any CPU
		Release|Any CPU = Release|Any CPU
	EndGlobalSection
	GlobalSection(ProjectConfigurationPlatforms) = postSolution
		{460F1CA6-5D6E-4E09-BB73-648D9C951AE7}.Debug|Any CPU.ActiveCfg = Debug|Any CPU
		{460F1CA6-5D6E-4E09-BB73-648D9C951AE7}.Debug|Any CPU.Build.0 = Debug|Any CPU
		{460F1CA6-5D6E-4E09-BB73-648D9C951AE7}.Release|Any CPU.ActiveCfg = Release|Any CPU
		{460F1CA6-5D6E-4E09-BB73-648D9C951AE7}.Release|Any CPU.Build.0 = Release|Any CPU
	EndGlobalSection
	GlobalSection(SolutionProperties) = preSolution
		HideSolutionNode = FALSE
	EndGlobalSection
	GlobalSection(ExtensibilityGlobals) = postSolution
		SolutionGuid = {EA7F91D8-DE62-4BD5-B6F9-2347F1429D25}
	EndGlobalSection
EndGlobal
